
Microsoft Visual Studio Solution File, Format Version 12.00
# Visual Studio 15
VisualStudioVersion = 15.0.28010.2026
MinimumVisualStudioVersion = 10.0.40219.1
Project("{FAE04EC0-301F-11D3-BF4B-00C04F79EFBC}") = "BookShopWithAuthen.Service", "BookShopWithAuthen.Service\BookShopWithAuthen.Service.csproj", "{DE040B7B-0414-468C-9F96-8BBA4F0DF1D9}"
EndProject
Project("{FAE04EC0-301F-11D3-BF4B-00C04F79EFBC}") = "BookShopWithAuthen.Data", "BookShopWithAuthen.Data\BookShopWithAuthen.Data.csproj", "{12E250BA-0E2F-49A0-B454-4271C5928F4B}"
EndProject
Project("{FAE04EC0-301F-11D3-BF4B-00C04F79EFBC}") = "BookShopWithAuthen.Web", "BookShopWithAuthen.Web\BookShopWithAuthen.Web.csproj", "{B91B2F7B-BB1A-45C6-B284-4C41F257FBEE}"
EndProject
Project("{FAE04EC0-301F-11D3-BF4B-00C04F79EFBC}") = "BookShopWithAuthen.Model", "BookShopWithAuthen.Model\BookShopWithAuthen.Model.csproj", "{28EECEDF-14A0-460C-8E36-829A4EC27608}"
EndProject
Global
	GlobalSection(SolutionConfigurationPlatforms) = preSolution
		Debug|Any CPU = Debug|Any CPU
		Release|Any CPU = Release|Any CPU
	EndGlobalSection
	GlobalSection(ProjectConfigurationPlatforms) = postSolution
		{DE040B7B-0414-468C-9F96-8BBA4F0DF1D9}.Debug|Any CPU.ActiveCfg = Debug|Any CPU
		{DE040B7B-0414-468C-9F96-8BBA4F0DF1D9}.Debug|Any CPU.Build.0 = Debug|Any CPU
		{DE040B7B-0414-468C-9F96-8BBA4F0DF1D9}.Release|Any CPU.ActiveCfg = Release|Any CPU
		{DE040B7B-0414-468C-9F96-8BBA4F0DF1D9}.Release|Any CPU.Build.0 = Release|Any CPU
		{12E250BA-0E2F-49A0-B454-4271C5928F4B}.Debug|Any CPU.ActiveCfg = Debug|Any CPU
		{12E250BA-0E2F-49A0-B454-4271C5928F4B}.Debug|Any CPU.Build.0 = Debug|Any CPU
		{12E250BA-0E2F-49A0-B454-4271C5928F4B}.Release|Any CPU.ActiveCfg = Release|Any CPU
		{12E250BA-0E2F-49A0-B454-4271C5928F4B}.Release|Any CPU.Build.0 = Release|Any CPU
		{B91B2F7B-BB1A-45C6-B284-4C41F257FBEE}.Debug|Any CPU.ActiveCfg = Debug|Any CPU
		{B91B2F7B-BB1A-45C6-B284-4C41F257FBEE}.Debug|Any CPU.Build.0 = Debug|Any CPU
		{B91B2F7B-BB1A-45C6-B284-4C41F257FBEE}.Release|Any CPU.ActiveCfg = Release|Any CPU
		{B91B2F7B-BB1A-45C6-B284-4C41F257FBEE}.Release|Any CPU.Build.0 = Release|Any CPU
		{28EECEDF-14A0-460C-8E36-829A4EC27608}.Debug|Any CPU.ActiveCfg = Debug|Any CPU
		{28EECEDF-14A0-460C-8E36-829A4EC27608}.Debug|Any CPU.Build.0 = Debug|Any CPU
		{28EECEDF-14A0-460C-8E36-829A4EC27608}.Release|Any CPU.ActiveCfg = Release|Any CPU
		{28EECEDF-14A0-460C-8E36-829A4EC27608}.Release|Any CPU.Build.0 = Release|Any CPU
	EndGlobalSection
	GlobalSection(SolutionProperties) = preSolution
		HideSolutionNode = FALSE
	EndGlobalSection
	GlobalSection(ExtensibilityGlobals) = postSolution
		SolutionGuid = {B9C853D8-A6AE-43FF-B608-1FC763C5F27D}
	EndGlobalSection
EndGlobal
